// !$*UTF8*$!
{
	archiveVersion = 1;
	classes = {
	};
	objectVersion = 77;
	objects = {

/* Begin PBXBuildFile section */
		6E7F87C02EDE3A6B007B5AF8 /* StreamingCore.framework in Frameworks */ = {isa = PBXBuildFile; fileRef = 6E7F87BF2EDE3A6B007B5AF8 /* StreamingCore.framework */; };
		6E7F87C12EDE3A6B007B5AF8 /* StreamingCore.framework in Embed Frameworks */ = {isa = PBXBuildFile; fileRef = 6E7F87BF2EDE3A6B007B5AF8 /* StreamingCore.framework */; settings = {ATTRIBUTES = (CodeSignOnCopy, RemoveHeadersOnCopy, ); }; };
		6E7F87C32EDE3A6B007B5AF8 /* StreamingCoreiOS.framework in Frameworks */ = {isa = PBXBuildFile; fileRef = 6E7F87C22EDE3A6B007B5AF8 /* StreamingCoreiOS.framework */; };
		6E7F87C42EDE3A6B007B5AF8 /* StreamingCoreiOS.framework in Embed Frameworks */ = {isa = PBXBuildFile; fileRef = 6E7F87C22EDE3A6B007B5AF8 /* StreamingCoreiOS.framework */; settings = {ATTRIBUTES = (CodeSignOnCopy, RemoveHeadersOnCopy, ); }; };
		3F4F84FC3EDBB955D2AEB998 /* StreamingCore.framework in Frameworks */ = {isa = PBXBuildFile; fileRef = 6E7F87BF2EDE3A6B007B5AF8 /* StreamingCore.framework */; };
		EDF312360AA7B7DBDC8284D9 /* StreamingCore.framework in Embed Frameworks */ = {isa = PBXBuildFile; fileRef = 6E7F87BF2EDE3A6B007B5AF8 /* StreamingCore.framework */; settings = {ATTRIBUTES = (CodeSignOnCopy, RemoveHeadersOnCopy, ); }; };
		7DCB00000000000000000102 /* StreamingCorePlayback.framework in Frameworks */ = {isa = PBXBuildFile; fileRef = 7DCB00000000000000000101 /* StreamingCorePlayback.framework */; };
		7DCB00000000000000000103 /* StreamingCorePlayback.framework in Embed Frameworks */ = {isa = PBXBuildFile; fileRef = 7DCB00000000000000000101 /* StreamingCorePlayback.framework */; settings = {ATTRIBUTES = (CodeSignOnCopy, RemoveHeadersOnCopy, ); }; };
		7DCB00000000000000000104 /* StreamingCorePlayback.framework in Frameworks */ = {isa = PBXBuildFile; fileRef = 7DCB00000000000000000101 /* StreamingCorePlayback.framework */; };
		7DCB00000000000000000105 /* StreamingCorePlayback.framework in Embed Frameworks */ = {isa = PBXBuildFile; fileRef = 7DCB00000000000000000101 /* StreamingCorePlayback.framework */; settings = {ATTRIBUTES = (CodeSignOnCopy, RemoveHeadersOnCopy, ); }; };
		7DAC00000000000000000102 /* StreamingCoreAccessibility.framework in Frameworks */ = {isa = PBXBuildFile; fileRef = 7DAC00000000000000000101 /* StreamingCoreAccessibility.framework */; };
		7DAC00000000000000000103 /* StreamingCoreAccessibility.framework in Embed Frameworks */ = {isa = PBXBuildFile; fileRef = 7DAC00000000000000000101 /* StreamingCoreAccessibility.framework */; settings = {ATTRIBUTES = (CodeSignOnCopy, RemoveHeadersOnCopy, ); }; };
		7DAC00000000000000000104 /* StreamingCoreAccessibility.framework in Frameworks */ = {isa = PBXBuildFile; fileRef = 7DAC00000000000000000101 /* StreamingCoreAccessibility.framework */; };
		7DAC00000000000000000105 /* StreamingCoreAccessibility.framework in Embed Frameworks */ = {isa = PBXBuildFile; fileRef = 7DAC00000000000000000101 /* StreamingCoreAccessibility.framework */; settings = {ATTRIBUTES = (CodeSignOnCopy, RemoveHeadersOnCopy, ); }; };
/* End PBXBuildFile section */

/* Begin PBXContainerItemProxy section */
		6E7F87A22EDE3A6B007B5AF8 /* PBXContainerItemProxy */ = {
			isa = PBXContainerItemProxy;
			containerPortal = 6E7F87832EDE3A6A007B5AF8 /* Project object */;
			proxyType = 1;
			remoteGlobalIDString = 6E7F878A2EDE3A6A007B5AF8;
			remoteInfo = Tattva;
		};
		2255D5E38A29E10791766EA3 /* PBXContainerItemProxy */ = {
			isa = PBXContainerItemProxy;
			containerPortal = 6E7F87832EDE3A6A007B5AF8 /* Project object */;
			proxyType = 1;
			remoteGlobalIDString = 7D7EF84BD9F4D067BE003885;
			remoteInfo = TattvaTV;
		};
/* End PBXContainerItemProxy section */

/* Begin PBXCopyFilesBuildPhase section */
		6E7F87CE2EDE3A6B007B5AF8 /* Embed Frameworks */ = {
			isa = PBXCopyFilesBuildPhase;
			buildActionMask = 2147483647;
			dstPath = "";
			dstSubfolderSpec = 10;
			files = (
				6E7F87C12EDE3A6B007B5AF8 /* StreamingCore.framework in Embed Frameworks */,
				6E7F87C42EDE3A6B007B5AF8 /* StreamingCoreiOS.framework in Embed Frameworks */,
				7DCB00000000000000000103 /* StreamingCorePlayback.framework in Embed Frameworks */,
				7DAC00000000000000000105 /* StreamingCoreAccessibility.framework in Embed Frameworks */,
			);
			name = "Embed Frameworks";
			runOnlyForDeploymentPostprocessing = 0;
		};
		F7C2B5B15BA06AC70AD99133 /* Embed Frameworks */ = {
			isa = PBXCopyFilesBuildPhase;
			buildActionMask = 2147483647;
			dstPath = "";
			dstSubfolderSpec = 10;
			files = (
				EDF312360AA7B7DBDC8284D9 /* StreamingCore.framework in Embed Frameworks */,
				7DCB00000000000000000105 /* StreamingCorePlayback.framework in Embed Frameworks */,
				7DAC00000000000000000103 /* StreamingCoreAccessibility.framework in Embed Frameworks */,
			);
			name = "Embed Frameworks";
			runOnlyForDeploymentPostprocessing = 0;
		};
/* End PBXCopyFilesBuildPhase section */

/* Begin PBXFileReference section */
		6E7F878B2EDE3A6A007B5AF8 /* Tattva.app */ = {isa = PBXFileReference; explicitFileType = wrapper.application; includeInIndex = 0; path = Tattva.app; sourceTree = BUILT_PRODUCTS_DIR; };
		6E7F87A12EDE3A6B007B5AF8 /* TattvaTests.xctest */ = {isa = PBXFileReference; explicitFileType = wrapper.cfbundle; includeInIndex = 0; path = TattvaTests.xctest; sourceTree = BUILT_PRODUCTS_DIR; };
		6E7F87BF2EDE3A6B007B5AF8 /* StreamingCore.framework */ = {isa = PBXFileReference; explicitFileType = wrapper.framework; path = StreamingCore.framework; sourceTree = BUILT_PRODUCTS_DIR; };
		6E7F87C22EDE3A6B007B5AF8 /* StreamingCoreiOS.framework */ = {isa = PBXFileReference; explicitFileType = wrapper.framework; path = StreamingCoreiOS.framework; sourceTree = BUILT_PRODUCTS_DIR; };
		84A970BFE35B46A62485324E /* TattvaTV.app */ = {isa = PBXFileReference; explicitFileType = wrapper.application; includeInIndex = 0; path = TattvaTV.app; sourceTree = BUILT_PRODUCTS_DIR; };
		F9E11A8CF9488B2DA8A23051 /* TattvaTVTests.xctest */ = {isa = PBXFileReference; explicitFileType = wrapper.cfbundle; includeInIndex = 0; path = TattvaTVTests.xctest; sourceTree = BUILT_PRODUCTS_DIR; };
		7DCB00000000000000000101 /* StreamingCorePlayback.framework */ = {isa = PBXFileReference; explicitFileType = wrapper.framework; path = StreamingCorePlayback.framework; sourceTree = BUILT_PRODUCTS_DIR; };
		7DAC00000000000000000101 /* StreamingCoreAccessibility.framework */ = {isa = PBXFileReference; explicitFileType = wrapper.framework; path = StreamingCoreAccessibility.framework; sourceTree = BUILT_PRODUCTS_DIR; };
/* End PBXFileReference section */

/* Begin PBXFileSystemSynchronizedBuildFileExceptionSet section */
		6E7F87B32EDE3A6B007B5AF8 /* Exceptions for "Tattva" folder in "Tattva" target */ = {
			isa = PBXFileSystemSynchronizedBuildFileExceptionSet;
			membershipExceptions = (
				Info.plist,
			);
			target = 6E7F878A2EDE3A6A007B5AF8 /* Tattva */;
		};
		76A97AAC1047589AD6B034B5 /* Exceptions for "TattvaTV" folder in "TattvaTV" target */ = {
			isa = PBXFileSystemSynchronizedBuildFileExceptionSet;
			membershipExceptions = (
				Info.plist,
			);
			target = 7D7EF84BD9F4D067BE003885 /* TattvaTV */;
		};
/* End PBXFileSystemSynchronizedBuildFileExceptionSet section */

/* Begin PBXFileSystemSynchronizedRootGroup section */
		6E7F878D2EDE3A6A007B5AF8 /* Tattva */ = {
			isa = PBXFileSystemSynchronizedRootGroup;
			exceptions = (
				6E7F87B32EDE3A6B007B5AF8 /* Exceptions for "Tattva" folder in "Tattva" target */,
			);
			path = Tattva;
			sourceTree = "<group>";
		};
		6E7F87A42EDE3A6B007B5AF8 /* TattvaTests */ = {
			isa = PBXFileSystemSynchronizedRootGroup;
			path = TattvaTests;
			sourceTree = "<group>";
		};
		62D714186305E3F1DC1EBB9D /* TattvaTV */ = {
			isa = PBXFileSystemSynchronizedRootGroup;
			exceptions = (
				76A97AAC1047589AD6B034B5 /* Exceptions for "TattvaTV" folder in "TattvaTV" target */,
			);
			path = TattvaTV;
			sourceTree = "<group>";
		};
		94D7DE77C76CB53D28712AC8 /* TattvaTVTests */ = {
			isa = PBXFileSystemSynchronizedRootGroup;
			path = TattvaTVTests;
			sourceTree = "<group>";
		};
/* End PBXFileSystemSynchronizedRootGroup section */

/* Begin PBXFrameworksBuildPhase section */
		6E7F87882EDE3A6A007B5AF8 /* Frameworks */ = {
			isa = PBXFrameworksBuildPhase;
			buildActionMask = 2147483647;
			files = (
				6E7F87C02EDE3A6B007B5AF8 /* StreamingCore.framework in Frameworks */,
				6E7F87C32EDE3A6B007B5AF8 /* StreamingCoreiOS.framework in Frameworks */,
				7DCB00000000000000000102 /* StreamingCorePlayback.framework in Frameworks */,
				7DAC00000000000000000104 /* StreamingCoreAccessibility.framework in Frameworks */,
			);
			runOnlyForDeploymentPostprocessing = 0;
		};
		6E7F879E2EDE3A6B007B5AF8 /* Frameworks */ = {
			isa = PBXFrameworksBuildPhase;
			buildActionMask = 2147483647;
			files = (
			);
			runOnlyForDeploymentPostprocessing = 0;
		};
		5353A3B6797829D5B50D1611 /* Frameworks */ = {
			isa = PBXFrameworksBuildPhase;
			buildActionMask = 2147483647;
			files = (
				3F4F84FC3EDBB955D2AEB998 /* StreamingCore.framework in Frameworks */,
				7DCB00000000000000000104 /* StreamingCorePlayback.framework in Frameworks */,
				7DAC00000000000000000102 /* StreamingCoreAccessibility.framework in Frameworks */,
			);
			runOnlyForDeploymentPostprocessing = 0;
		};
		C87649217E051BB5F44593D8 /* Frameworks */ = {
			isa = PBXFrameworksBuildPhase;
			buildActionMask = 2147483647;
			files = (
			);
			runOnlyForDeploymentPostprocessing = 0;
		};
/* End PBXFrameworksBuildPhase section */

/* Begin PBXGroup section */
		6E7F87822EDE3A6A007B5AF8 = {
			isa = PBXGroup;
			children = (
				6E7F878D2EDE3A6A007B5AF8 /* Tattva */,
				6E7F87A42EDE3A6B007B5AF8 /* TattvaTests */,
				62D714186305E3F1DC1EBB9D /* TattvaTV */,
				94D7DE77C76CB53D28712AC8 /* TattvaTVTests */,
				6E7F878C2EDE3A6A007B5AF8 /* Products */,
				6E7F87CF2EDE3A6B007B5AF8 /* Frameworks */,
			);
			sourceTree = "<group>";
		};
		6E7F878C2EDE3A6A007B5AF8 /* Products */ = {
			isa = PBXGroup;
			children = (
				6E7F878B2EDE3A6A007B5AF8 /* Tattva.app */,
				6E7F87A12EDE3A6B007B5AF8 /* TattvaTests.xctest */,
				84A970BFE35B46A62485324E /* TattvaTV.app */,
				F9E11A8CF9488B2DA8A23051 /* TattvaTVTests.xctest */,
			);
			name = Products;
			sourceTree = "<group>";
		};
		6E7F87CF2EDE3A6B007B5AF8 /* Frameworks */ = {
			isa = PBXGroup;
			children = (
				6E7F87BF2EDE3A6B007B5AF8 /* StreamingCore.framework */,
				6E7F87C22EDE3A6B007B5AF8 /* StreamingCoreiOS.framework */,
				7DCB00000000000000000101 /* StreamingCorePlayback.framework */,
				7DAC00000000000000000101 /* StreamingCoreAccessibility.framework */,
			);
			name = Frameworks;
			sourceTree = "<group>";
		};
/* End PBXGroup section */

/* Begin PBXNativeTarget section */
		6E7F878A2EDE3A6A007B5AF8 /* Tattva */ = {
			isa = PBXNativeTarget;
			buildConfigurationList = 6E7F87B42EDE3A6B007B5AF8 /* Build configuration list for PBXNativeTarget "Tattva" */;
			buildPhases = (
				6E7F87872EDE3A6A007B5AF8 /* Sources */,
				6E7F87882EDE3A6A007B5AF8 /* Frameworks */,
				6E7F87892EDE3A6A007B5AF8 /* Resources */,
				6E7F87CE2EDE3A6B007B5AF8 /* Embed Frameworks */,
			);
			buildRules = (
			);
			dependencies = (
			);
			fileSystemSynchronizedGroups = (
				6E7F878D2EDE3A6A007B5AF8 /* Tattva */,
			);
			name = Tattva;
			packageProductDependencies = (
			);
			productName = Tattva;
			productReference = 6E7F878B2EDE3A6A007B5AF8 /* Tattva.app */;
			productType = "com.apple.product-type.application";
		};
		6E7F87A02EDE3A6B007B5AF8 /* TattvaTests */ = {
			isa = PBXNativeTarget;
			buildConfigurationList = 6E7F87B92EDE3A6B007B5AF8 /* Build configuration list for PBXNativeTarget "TattvaTests" */;
			buildPhases = (
				6E7F879D2EDE3A6B007B5AF8 /* Sources */,
				6E7F879E2EDE3A6B007B5AF8 /* Frameworks */,
				6E7F879F2EDE3A6B007B5AF8 /* Resources */,
			);
			buildRules = (
			);
			dependencies = (
				6E7F87A32EDE3A6B007B5AF8 /* PBXTargetDependency */,
			);
			fileSystemSynchronizedGroups = (
				6E7F87A42EDE3A6B007B5AF8 /* TattvaTests */,
			);
			name = TattvaTests;
			packageProductDependencies = (
			);
			productName = TattvaTests;
			productReference = 6E7F87A12EDE3A6B007B5AF8 /* TattvaTests.xctest */;
			productType = "com.apple.product-type.bundle.unit-test";
		};
		7D7EF84BD9F4D067BE003885 /* TattvaTV */ = {
			isa = PBXNativeTarget;
			buildConfigurationList = FEA1197E4A400ECDF58EB2F3 /* Build configuration list for PBXNativeTarget "TattvaTV" */;
			buildPhases = (
				EACD8D2B3F830C0AEE614576 /* Sources */,
				5353A3B6797829D5B50D1611 /* Frameworks */,
				FAA0071857727395EC53EA4D /* Resources */,
				F7C2B5B15BA06AC70AD99133 /* Embed Frameworks */,
			);
			buildRules = (
			);
			dependencies = (
			);
			fileSystemSynchronizedGroups = (
				62D714186305E3F1DC1EBB9D /* TattvaTV */,
			);
			name = TattvaTV;
			packageProductDependencies = (
			);
			productName = TattvaTV;
			productReference = 84A970BFE35B46A62485324E /* TattvaTV.app */;
			productType = "com.apple.product-type.application";
		};
		4DF0D310A9843BB72F8536F3 /* TattvaTVTests */ = {
			isa = PBXNativeTarget;
			buildConfigurationList = C5F8D315134FC6F061911998 /* Build configuration list for PBXNativeTarget "TattvaTVTests" */;
			buildPhases = (
				80615F899D3DCAEAF8EB52F5 /* Sources */,
				C87649217E051BB5F44593D8 /* Frameworks */,
				7A2E4AAA3A7CA86BDE1CC0B9 /* Resources */,
			);
			buildRules = (
			);
			dependencies = (
				2641DDE88DAA7F6CCF83C17B /* PBXTargetDependency */,
			);
			fileSystemSynchronizedGroups = (
				94D7DE77C76CB53D28712AC8 /* TattvaTVTests */,
			);
			name = TattvaTVTests;
			packageProductDependencies = (
			);
			productName = TattvaTVTests;
			productReference = F9E11A8CF9488B2DA8A23051 /* TattvaTVTests.xctest */;
			productType = "com.apple.product-type.bundle.unit-test";
		};
/* End PBXNativeTarget section */

/* Begin PBXProject section */
		6E7F87832EDE3A6A007B5AF8 /* Project object */ = {
			isa = PBXProject;
			attributes = {
				BuildIndependentTargetsInParallel = 1;
				LastSwiftUpdateCheck = 2610;
				LastUpgradeCheck = 2610;
				TargetAttributes = {
					6E7F878A2EDE3A6A007B5AF8 = {
						CreatedOnToolsVersion = 26.1.1;
					};
					6E7F87A02EDE3A6B007B5AF8 = {
						CreatedOnToolsVersion = 26.1.1;
						TestTargetID = 6E7F878A2EDE3A6A007B5AF8;
					};
					7D7EF84BD9F4D067BE003885 = {
						CreatedOnToolsVersion = 26.1.1;
					};
					4DF0D310A9843BB72F8536F3 = {
						CreatedOnToolsVersion = 26.1.1;
						TestTargetID = 7D7EF84BD9F4D067BE003885;
					};
				};
			};
			buildConfigurationList = 6E7F87862EDE3A6A007B5AF8 /* Build configuration list for PBXProject "Tattva" */;
			developmentRegion = en;
			hasScannedForEncodings = 0;
			knownRegions = (
				en,
				Base,
			);
			mainGroup = 6E7F87822EDE3A6A007B5AF8;
			minimizedProjectReferenceProxies = 1;
			preferredProjectObjectVersion = 77;
			productRefGroup = 6E7F878C2EDE3A6A007B5AF8 /* Products */;
			projectDirPath = "";
			projectRoot = "";
			targets = (
				6E7F878A2EDE3A6A007B5AF8 /* Tattva */,
				6E7F87A02EDE3A6B007B5AF8 /* TattvaTests */,
				7D7EF84BD9F4D067BE003885 /* TattvaTV */,
				4DF0D310A9843BB72F8536F3 /* TattvaTVTests */,
			);
		};
/* End PBXProject section */

/* Begin PBXResourcesBuildPhase section */
		6E7F87892EDE3A6A007B5AF8 /* Resources */ = {
			isa = PBXResourcesBuildPhase;
			buildActionMask = 2147483647;
			files = (
			);
			runOnlyForDeploymentPostprocessing = 0;
		};
		6E7F879F2EDE3A6B007B5AF8 /* Resources */ = {
			isa = PBXResourcesBuildPhase;
			buildActionMask = 2147483647;
			files = (
			);
			runOnlyForDeploymentPostprocessing = 0;
		};
		FAA0071857727395EC53EA4D /* Resources */ = {
			isa = PBXResourcesBuildPhase;
			buildActionMask = 2147483647;
			files = (
			);
			runOnlyForDeploymentPostprocessing = 0;
		};
		7A2E4AAA3A7CA86BDE1CC0B9 /* Resources */ = {
			isa = PBXResourcesBuildPhase;
			buildActionMask = 2147483647;
			files = (
			);
			runOnlyForDeploymentPostprocessing = 0;
		};
/* End PBXResourcesBuildPhase section */

/* Begin PBXSourcesBuildPhase section */
		6E7F87872EDE3A6A007B5AF8 /* Sources */ = {
			isa = PBXSourcesBuildPhase;
			buildActionMask = 2147483647;
			files = (
			);
			runOnlyForDeploymentPostprocessing = 0;
		};
		6E7F879D2EDE3A6B007B5AF8 /* Sources */ = {
			isa = PBXSourcesBuildPhase;
			buildActionMask = 2147483647;
			files = (
			);
			runOnlyForDeploymentPostprocessing = 0;
		};
		EACD8D2B3F830C0AEE614576 /* Sources */ = {
			isa = PBXSourcesBuildPhase;
			buildActionMask = 2147483647;
			files = (
			);
			runOnlyForDeploymentPostprocessing = 0;
		};
		80615F899D3DCAEAF8EB52F5 /* Sources */ = {
			isa = PBXSourcesBuildPhase;
			buildActionMask = 2147483647;
			files = (
			);
			runOnlyForDeploymentPostprocessing = 0;
		};
/* End PBXSourcesBuildPhase section */

/* Begin PBXTargetDependency section */
		6E7F87A32EDE3A6B007B5AF8 /* PBXTargetDependency */ = {
			isa = PBXTargetDependency;
			target = 6E7F878A2EDE3A6A007B5AF8 /* Tattva */;
			targetProxy = 6E7F87A22EDE3A6B007B5AF8 /* PBXContainerItemProxy */;
		};
		2641DDE88DAA7F6CCF83C17B /* PBXTargetDependency */ = {
			isa = PBXTargetDependency;
			target = 7D7EF84BD9F4D067BE003885 /* TattvaTV */;
			targetProxy = 2255D5E38A29E10791766EA3 /* PBXContainerItemProxy */;
		};
/* End PBXTargetDependency section */

/* Begin XCBuildConfiguration section */
		6E7F87B52EDE3A6B007B5AF8 /* Debug */ = {
			isa = XCBuildConfiguration;
			buildSettings = {
				ASSETCATALOG_COMPILER_APPICON_NAME = AppIcon;
				ASSETCATALOG_COMPILER_GLOBAL_ACCENT_COLOR_NAME = AccentColor;
				CODE_SIGN_STYLE = Automatic;
				CURRENT_PROJECT_VERSION = 1;
				DEVELOPMENT_TEAM = 2WC8M782W7;
				GENERATE_INFOPLIST_FILE = YES;
				INFOPLIST_FILE = Tattva/Info.plist;
				INFOPLIST_KEY_UIApplicationSupportsIndirectInputEvents = YES;
				INFOPLIST_KEY_UILaunchStoryboardName = LaunchScreen;
				INFOPLIST_KEY_UIMainStoryboardFile = Main;
				INFOPLIST_KEY_UISupportedInterfaceOrientations_iPad = "UIInterfaceOrientationPortrait UIInterfaceOrientationPortraitUpsideDown UIInterfaceOrientationLandscapeLeft UIInterfaceOrientationLandscapeRight";
				INFOPLIST_KEY_UISupportedInterfaceOrientations_iPhone = "UIInterfaceOrientationPortrait UIInterfaceOrientationLandscapeLeft UIInterfaceOrientationLandscapeRight";
				LD_RUNPATH_SEARCH_PATHS = (
					"$(inherited)",
					"@executable_path/Frameworks",
				);
				MARKETING_VERSION = 1.0;
				PRODUCT_BUNDLE_IDENTIFIER = com.tattva.Tattva;
				PRODUCT_NAME = "$(TARGET_NAME)";
				STRING_CATALOG_GENERATE_SYMBOLS = YES;
				SWIFT_APPROACHABLE_CONCURRENCY = YES;
				SWIFT_DEFAULT_ACTOR_ISOLATION = nonisolated;
				SWIFT_EMIT_LOC_STRINGS = YES;
				SWIFT_UPCOMING_FEATURE_MEMBER_IMPORT_VISIBILITY = YES;
				SWIFT_VERSION = 6.0;
				TARGETED_DEVICE_FAMILY = "1,2";
			};
			name = Debug;
		};
		6E7F87B62EDE3A6B007B5AF8 /* Release */ = {
			isa = XCBuildConfiguration;
			buildSettings = {
				ASSETCATALOG_COMPILER_APPICON_NAME = AppIcon;
				ASSETCATALOG_COMPILER_GLOBAL_ACCENT_COLOR_NAME = AccentColor;
				CODE_SIGN_STYLE = Automatic;
				CURRENT_PROJECT_VERSION = 1;
				DEVELOPMENT_TEAM = 2WC8M782W7;
				GENERATE_INFOPLIST_FILE = YES;
				INFOPLIST_FILE = Tattva/Info.plist;
				INFOPLIST_KEY_UIApplicationSupportsIndirectInputEvents = YES;
				INFOPLIST_KEY_UILaunchStoryboardName = LaunchScreen;
				INFOPLIST_KEY_UIMainStoryboardFile = Main;
				INFOPLIST_KEY_UISupportedInterfaceOrientations_iPad = "UIInterfaceOrientationPortrait UIInterfaceOrientationPortraitUpsideDown UIInterfaceOrientationLandscapeLeft UIInterfaceOrientationLandscapeRight";
				INFOPLIST_KEY_UISupportedInterfaceOrientations_iPhone = "UIInterfaceOrientationPortrait UIInterfaceOrientationLandscapeLeft UIInterfaceOrientationLandscapeRight";
				LD_RUNPATH_SEARCH_PATHS = (
					"$(inherited)",
					"@executable_path/Frameworks",
				);
				MARKETING_VERSION = 1.0;
				PRODUCT_BUNDLE_IDENTIFIER = com.tattva.Tattva;
				PRODUCT_NAME = "$(TARGET_NAME)";
				STRING_CATALOG_GENERATE_SYMBOLS = YES;
				SWIFT_APPROACHABLE_CONCURRENCY = YES;
				SWIFT_DEFAULT_ACTOR_ISOLATION = nonisolated;
				SWIFT_EMIT_LOC_STRINGS = YES;
				SWIFT_UPCOMING_FEATURE_MEMBER_IMPORT_VISIBILITY = YES;
				SWIFT_VERSION = 6.0;
				TARGETED_DEVICE_FAMILY = "1,2";
			};
			name = Release;
		};
		6E7F87B72EDE3A6B007B5AF8 /* Debug */ = {
			isa = XCBuildConfiguration;
			buildSettings = {
				ALWAYS_SEARCH_USER_PATHS = NO;
				ASSETCATALOG_COMPILER_GENERATE_SWIFT_ASSET_SYMBOL_EXTENSIONS = YES;
				CLANG_ANALYZER_NONNULL = YES;
				CLANG_ANALYZER_NUMBER_OBJECT_CONVERSION = YES_AGGRESSIVE;
				CLANG_CXX_LANGUAGE_STANDARD = "gnu++20";
				CLANG_ENABLE_MODULES = YES;
				CLANG_ENABLE_OBJC_ARC = YES;
				CLANG_ENABLE_OBJC_WEAK = YES;
				CLANG_WARN_BLOCK_CAPTURE_AUTORELEASING = YES;
				CLANG_WARN_BOOL_CONVERSION = YES;
				CLANG_WARN_COMMA = YES;
				CLANG_WARN_CONSTANT_CONVERSION = YES;
				CLANG_WARN_DEPRECATED_OBJC_IMPLEMENTATIONS = YES;
				CLANG_WARN_DIRECT_OBJC_ISA_USAGE = YES_ERROR;
				CLANG_WARN_DOCUMENTATION_COMMENTS = YES;
				CLANG_WARN_EMPTY_BODY = YES;
				CLANG_WARN_ENUM_CONVERSION = YES;
				CLANG_WARN_INFINITE_RECURSION = YES;
				CLANG_WARN_INT_CONVERSION = YES;
				CLANG_WARN_NON_LITERAL_NULL_CONVERSION = YES;
				CLANG_WARN_OBJC_IMPLICIT_RETAIN_SELF = YES;
				CLANG_WARN_OBJC_LITERAL_CONVERSION = YES;
				CLANG_WARN_OBJC_ROOT_CLASS = YES_ERROR;
				CLANG_WARN_QUOTED_INCLUDE_IN_FRAMEWORK_HEADER = YES;
				CLANG_WARN_RANGE_LOOP_ANALYSIS = YES;
				CLANG_WARN_STRICT_PROTOTYPES = YES;
				CLANG_WARN_SUSPICIOUS_MOVE = YES;
				CLANG_WARN_UNGUARDED_AVAILABILITY = YES_AGGRESSIVE;
				CLANG_WARN_UNREACHABLE_CODE = YES;
				CLANG_WARN__DUPLICATE_METHOD_MATCH = YES;
				COPY_PHASE_STRIP = NO;
				DEBUG_INFORMATION_FORMAT = dwarf;
				DEVELOPMENT_TEAM = 2WC8M782W7;
				ENABLE_STRICT_OBJC_MSGSEND = YES;
				ENABLE_TESTABILITY = YES;
				ENABLE_USER_SCRIPT_SANDBOXING = YES;
				GCC_C_LANGUAGE_STANDARD = gnu17;
				GCC_DYNAMIC_NO_PIC = NO;
				GCC_NO_COMMON_BLOCKS = YES;
				GCC_OPTIMIZATION_LEVEL = 0;
				GCC_PREPROCESSOR_DEFINITIONS = (
					"DEBUG=1",
					"$(inherited)",
				);
				GCC_WARN_64_TO_32_BIT_CONVERSION = YES;
				GCC_WARN_ABOUT_RETURN_TYPE = YES_ERROR;
				GCC_WARN_UNDECLARED_SELECTOR = YES;
				GCC_WARN_UNINITIALIZED_AUTOS = YES_AGGRESSIVE;
				GCC_WARN_UNUSED_FUNCTION = YES;
				GCC_WARN_UNUSED_VARIABLE = YES;
				IPHONEOS_DEPLOYMENT_TARGET = 26.1;
				LOCALIZATION_PREFERS_STRING_CATALOGS = YES;
				MTL_ENABLE_DEBUG_INFO = INCLUDE_SOURCE;
				MTL_FAST_MATH = YES;
				ONLY_ACTIVE_ARCH = YES;
				SDKROOT = iphoneos;
				STRING_CATALOG_GENERATE_SYMBOLS = YES;
				SWIFT_ACTIVE_COMPILATION_CONDITIONS = "DEBUG $(inherited)";
				SWIFT_OPTIMIZATION_LEVEL = "-Onone";
			};
			name = Debug;
		};
		6E7F87B82EDE3A6B007B5AF8 /* Release */ = {
			isa = XCBuildConfiguration;
			buildSettings = {
				ALWAYS_SEARCH_USER_PATHS = NO;
				ASSETCATALOG_COMPILER_GENERATE_SWIFT_ASSET_SYMBOL_EXTENSIONS = YES;
				CLANG_ANALYZER_NONNULL = YES;
				CLANG_ANALYZER_NUMBER_OBJECT_CONVERSION = YES_AGGRESSIVE;
				CLANG_CXX_LANGUAGE_STANDARD = "gnu++20";
				CLANG_ENABLE_MODULES = YES;
				CLANG_ENABLE_OBJC_ARC = YES;
				CLANG_ENABLE_OBJC_WEAK = YES;
				CLANG_WARN_BLOCK_CAPTURE_AUTORELEASING = YES;
				CLANG_WARN_BOOL_CONVERSION = YES;
				CLANG_WARN_COMMA = YES;
				CLANG_WARN_CONSTANT_CONVERSION = YES;
				CLANG_WARN_DEPRECATED_OBJC_IMPLEMENTATIONS = YES;
				CLANG_WARN_DIRECT_OBJC_ISA_USAGE = YES_ERROR;
				CLANG_WARN_DOCUMENTATION_COMMENTS = YES;
				CLANG_WARN_EMPTY_BODY = YES;
				CLANG_WARN_ENUM_CONVERSION = YES;
				CLANG_WARN_INFINITE_RECURSION = YES;
				CLANG_WARN_INT_CONVERSION = YES;
				CLANG_WARN_NON_LITERAL_NULL_CONVERSION = YES;
				CLANG_WARN_OBJC_IMPLICIT_RETAIN_SELF = YES;
				CLANG_WARN_OBJC_LITERAL_CONVERSION = YES;
				CLANG_WARN_OBJC_ROOT_CLASS = YES_ERROR;
				CLANG_WARN_QUOTED_INCLUDE_IN_FRAMEWORK_HEADER = YES;
				CLANG_WARN_RANGE_LOOP_ANALYSIS = YES;
				CLANG_WARN_STRICT_PROTOTYPES = YES;
				CLANG_WARN_SUSPICIOUS_MOVE = YES;
				CLANG_WARN_UNGUARDED_AVAILABILITY = YES_AGGRESSIVE;
				CLANG_WARN_UNREACHABLE_CODE = YES;
				CLANG_WARN__DUPLICATE_METHOD_MATCH = YES;
				COPY_PHASE_STRIP = NO;
				DEBUG_INFORMATION_FORMAT = "dwarf-with-dsym";
				DEVELOPMENT_TEAM = 2WC8M782W7;
				ENABLE_NS_ASSERTIONS = NO;
				ENABLE_STRICT_OBJC_MSGSEND = YES;
				ENABLE_USER_SCRIPT_SANDBOXING = YES;
				GCC_C_LANGUAGE_STANDARD = gnu17;
				GCC_NO_COMMON_BLOCKS = YES;
				GCC_WARN_64_TO_32_BIT_CONVERSION = YES;
				GCC_WARN_ABOUT_RETURN_TYPE = YES_ERROR;
				GCC_WARN_UNDECLARED_SELECTOR = YES;
				GCC_WARN_UNINITIALIZED_AUTOS = YES_AGGRESSIVE;
				GCC_WARN_UNUSED_FUNCTION = YES;
				GCC_WARN_UNUSED_VARIABLE = YES;
				IPHONEOS_DEPLOYMENT_TARGET = 26.1;
				LOCALIZATION_PREFERS_STRING_CATALOGS = YES;
				MTL_ENABLE_DEBUG_INFO = NO;
				MTL_FAST_MATH = YES;
				SDKROOT = iphoneos;
				STRING_CATALOG_GENERATE_SYMBOLS = YES;
				SWIFT_COMPILATION_MODE = wholemodule;
				VALIDATE_PRODUCT = YES;
			};
			name = Release;
		};
		6E7F87BA2EDE3A6B007B5AF8 /* Debug */ = {
			isa = XCBuildConfiguration;
			buildSettings = {
				BUNDLE_LOADER = "$(TEST_HOST)";
				CODE_SIGN_STYLE = Automatic;
				CURRENT_PROJECT_VERSION = 1;
				DEVELOPMENT_TEAM = 2WC8M782W7;
				GENERATE_INFOPLIST_FILE = YES;
				IPHONEOS_DEPLOYMENT_TARGET = 26.1;
				MARKETING_VERSION = 1.0;
				PRODUCT_BUNDLE_IDENTIFIER = com.tattva.TattvaTests;
				PRODUCT_NAME = "$(TARGET_NAME)";
				STRING_CATALOG_GENERATE_SYMBOLS = NO;
				SWIFT_APPROACHABLE_CONCURRENCY = YES;
				SWIFT_EMIT_LOC_STRINGS = NO;
				SWIFT_UPCOMING_FEATURE_MEMBER_IMPORT_VISIBILITY = YES;
				SWIFT_VERSION = 6.0;
				TARGETED_DEVICE_FAMILY = "1,2";
				TEST_HOST = "$(BUILT_PRODUCTS_DIR)/Tattva.app/$(BUNDLE_EXECUTABLE_FOLDER_PATH)/Tattva";
			};
			name = Debug;
		};
		6E7F87BB2EDE3A6B007B5AF8 /* Release */ = {
			isa = XCBuildConfiguration;
			buildSettings = {
				BUNDLE_LOADER = "$(TEST_HOST)";
				CODE_SIGN_STYLE = Automatic;
				CURRENT_PROJECT_VERSION = 1;
				DEVELOPMENT_TEAM = 2WC8M782W7;
				GENERATE_INFOPLIST_FILE = YES;
				IPHONEOS_DEPLOYMENT_TARGET = 26.1;
				MARKETING_VERSION = 1.0;
				PRODUCT_BUNDLE_IDENTIFIER = com.tattva.TattvaTests;
				PRODUCT_NAME = "$(TARGET_NAME)";
				STRING_CATALOG_GENERATE_SYMBOLS = NO;
				SWIFT_APPROACHABLE_CONCURRENCY = YES;
				SWIFT_EMIT_LOC_STRINGS = NO;
				SWIFT_UPCOMING_FEATURE_MEMBER_IMPORT_VISIBILITY = YES;
				SWIFT_VERSION = 6.0;
				TARGETED_DEVICE_FAMILY = "1,2";
				TEST_HOST = "$(BUILT_PRODUCTS_DIR)/Tattva.app/$(BUNDLE_EXECUTABLE_FOLDER_PATH)/Tattva";
			};
			name = Release;
		};
		0210F8587CCFABE7D27EB635 /* Debug */ = {
			isa = XCBuildConfiguration;
			buildSettings = {
				ASSETCATALOG_COMPILER_GLOBAL_ACCENT_COLOR_NAME = AccentColor;
				CODE_SIGN_STYLE = Automatic;
				CURRENT_PROJECT_VERSION = 1;
				DEVELOPMENT_TEAM = 2WC8M782W7;
				ASSETCATALOG_COMPILER_APPICON_NAME = AppIcon;
				GENERATE_INFOPLIST_FILE = YES;
				INFOPLIST_FILE = TattvaTV/Info.plist;
				LD_RUNPATH_SEARCH_PATHS = (
					"$(inherited)",
					"@executable_path/Frameworks",
				);
				MARKETING_VERSION = 1.0;
				PRODUCT_BUNDLE_IDENTIFIER = com.tattva.TattvaTV;
				PRODUCT_NAME = "$(TARGET_NAME)";
				SDKROOT = appletvos;
				STRING_CATALOG_GENERATE_SYMBOLS = YES;
				SUPPORTED_PLATFORMS = "appletvos appletvsimulator";
				SWIFT_APPROACHABLE_CONCURRENCY = YES;
				SWIFT_DEFAULT_ACTOR_ISOLATION = nonisolated;
				SWIFT_EMIT_LOC_STRINGS = YES;
				SWIFT_UPCOMING_FEATURE_MEMBER_IMPORT_VISIBILITY = YES;
				SWIFT_VERSION = 6.0;
				TARGETED_DEVICE_FAMILY = 3;
				TVOS_DEPLOYMENT_TARGET = 26.0;
			};
			name = Debug;
		};
		AEE9CE12958CB2D03C984AD0 /* Release */ = {
			isa = XCBuildConfiguration;
			buildSettings = {
				ASSETCATALOG_COMPILER_GLOBAL_ACCENT_COLOR_NAME = AccentColor;
				CODE_SIGN_STYLE = Automatic;
				CURRENT_PROJECT_VERSION = 1;
				DEVELOPMENT_TEAM = 2WC8M782W7;
				ASSETCATALOG_COMPILER_APPICON_NAME = AppIcon;
				GENERATE_INFOPLIST_FILE = YES;
				INFOPLIST_FILE = TattvaTV/Info.plist;
				LD_RUNPATH_SEARCH_PATHS = (
					"$(inherited)",
					"@executable_path/Frameworks",
				);
				MARKETING_VERSION = 1.0;
				PRODUCT_BUNDLE_IDENTIFIER = com.tattva.TattvaTV;
				PRODUCT_NAME = "$(TARGET_NAME)";
				SDKROOT = appletvos;
				STRING_CATALOG_GENERATE_SYMBOLS = YES;
				SUPPORTED_PLATFORMS = "appletvos appletvsimulator";
				SWIFT_APPROACHABLE_CONCURRENCY = YES;
				SWIFT_DEFAULT_ACTOR_ISOLATION = nonisolated;
				SWIFT_EMIT_LOC_STRINGS = YES;
				SWIFT_UPCOMING_FEATURE_MEMBER_IMPORT_VISIBILITY = YES;
				SWIFT_VERSION = 6.0;
				TARGETED_DEVICE_FAMILY = 3;
				TVOS_DEPLOYMENT_TARGET = 26.0;
			};
			name = Release;
		};
		C54F0627FC5818418C6DD93F /* Debug */ = {
			isa = XCBuildConfiguration;
			buildSettings = {
				BUNDLE_LOADER = "$(TEST_HOST)";
				CODE_SIGN_STYLE = Automatic;
				CURRENT_PROJECT_VERSION = 1;
				DEVELOPMENT_TEAM = 2WC8M782W7;
				GENERATE_INFOPLIST_FILE = YES;
				MARKETING_VERSION = 1.0;
				PRODUCT_BUNDLE_IDENTIFIER = com.tattva.TattvaTVTests;
				PRODUCT_NAME = "$(TARGET_NAME)";
				SDKROOT = appletvos;
				STRING_CATALOG_GENERATE_SYMBOLS = NO;
				SUPPORTED_PLATFORMS = "appletvos appletvsimulator";
				SWIFT_APPROACHABLE_CONCURRENCY = YES;
				SWIFT_EMIT_LOC_STRINGS = NO;
				SWIFT_UPCOMING_FEATURE_MEMBER_IMPORT_VISIBILITY = YES;
				SWIFT_VERSION = 6.0;
				TARGETED_DEVICE_FAMILY = 3;
				TEST_HOST = "$(BUILT_PRODUCTS_DIR)/TattvaTV.app/$(BUNDLE_EXECUTABLE_FOLDER_PATH)/TattvaTV";
				TVOS_DEPLOYMENT_TARGET = 26.0;
			};
			name = Debug;
		};
		CD9AC3AE7AAD7AFB708C0BF2 /* Release */ = {
			isa = XCBuildConfiguration;
			buildSettings = {
				BUNDLE_LOADER = "$(TEST_HOST)";
				CODE_SIGN_STYLE = Automatic;
				CURRENT_PROJECT_VERSION = 1;
				DEVELOPMENT_TEAM = 2WC8M782W7;
				GENERATE_INFOPLIST_FILE = YES;
				MARKETING_VERSION = 1.0;
				PRODUCT_BUNDLE_IDENTIFIER = com.tattva.TattvaTVTests;
				PRODUCT_NAME = "$(TARGET_NAME)";
				SDKROOT = appletvos;
				STRING_CATALOG_GENERATE_SYMBOLS = NO;
				SUPPORTED_PLATFORMS = "appletvos appletvsimulator";
				SWIFT_APPROACHABLE_CONCURRENCY = YES;
				SWIFT_EMIT_LOC_STRINGS = NO;
				SWIFT_UPCOMING_FEATURE_MEMBER_IMPORT_VISIBILITY = YES;
				SWIFT_VERSION = 6.0;
				TARGETED_DEVICE_FAMILY = 3;
				TEST_HOST = "$(BUILT_PRODUCTS_DIR)/TattvaTV.app/$(BUNDLE_EXECUTABLE_FOLDER_PATH)/TattvaTV";
				TVOS_DEPLOYMENT_TARGET = 26.0;
			};
			name = Release;
		};
/* End XCBuildConfiguration section */

/* Begin XCConfigurationList section */
		6E7F87862EDE3A6A007B5AF8 /* Build configuration list for PBXProject "Tattva" */ = {
			isa = XCConfigurationList;
			buildConfigurations = (
				6E7F87B72EDE3A6B007B5AF8 /* Debug */,
				6E7F87B82EDE3A6B007B5AF8 /* Release */,
			);
			defaultConfigurationIsVisible = 0;
			defaultConfigurationName = Release;
		};
		6E7F87B42EDE3A6B007B5AF8 /* Build configuration list for PBXNativeTarget "Tattva" */ = {
			isa = XCConfigurationList;
			buildConfigurations = (
				6E7F87B52EDE3A6B007B5AF8 /* Debug */,
				6E7F87B62EDE3A6B007B5AF8 /* Release */,
			);
			defaultConfigurationIsVisible = 0;
			defaultConfigurationName = Release;
		};
		6E7F87B92EDE3A6B007B5AF8 /* Build configuration list for PBXNativeTarget "TattvaTests" */ = {
			isa = XCConfigurationList;
			buildConfigurations = (
				6E7F87BA2EDE3A6B007B5AF8 /* Debug */,
				6E7F87BB2EDE3A6B007B5AF8 /* Release */,
			);
			defaultConfigurationIsVisible = 0;
			defaultConfigurationName = Release;
		};
		FEA1197E4A400ECDF58EB2F3 /* Build configuration list for PBXNativeTarget "TattvaTV" */ = {
			isa = XCConfigurationList;
			buildConfigurations = (
				0210F8587CCFABE7D27EB635 /* Debug */,
				AEE9CE12958CB2D03C984AD0 /* Release */,
			);
			defaultConfigurationIsVisible = 0;
			defaultConfigurationName = Release;
		};
		C5F8D315134FC6F061911998 /* Build configuration list for PBXNativeTarget "TattvaTVTests" */ = {
			isa = XCConfigurationList;
			buildConfigurations = (
				C54F0627FC5818418C6DD93F /* Debug */,
				CD9AC3AE7AAD7AFB708C0BF2 /* Release */,
			);
			defaultConfigurationIsVisible = 0;
			defaultConfigurationName = Release;
		};
/* End XCConfigurationList section */
	};
	rootObject = 6E7F87832EDE3A6A007B5AF8 /* Project object */;
}
